
Microsoft Visual Studio Solution File, Format Version 12.00
# Visual Studio Version 17
VisualStudioVersion = 17.4.33403.182
MinimumVisualStudioVersion = 10.0.40219.1
Project("{FAE04EC0-301F-11D3-BF4B-00C04F79EFBC}") = "WebsiteClothes", "WebsiteClothes\WebsiteClothes.csproj", "{10CBD95D-2FAE-4EC6-BE3E-C67080348AA1}"
EndProject
Global
	GlobalSection(SolutionConfigurationPlatforms) = preSolution
		Debug|Any CPU = Debug|Any CPU
		Release|Any CPU = Release|Any CPU
	EndGlobalSection
	GlobalSection(ProjectConfigurationPlatforms) = postSolution
		{10CBD95D-2FAE-4EC6-BE3E-C67080348AA1}.Debug|Any CPU.ActiveCfg = Debug|Any CPU
		{10CBD95D-2FAE-4EC6-BE3E-C67080348AA1}.Debug|Any CPU.Build.0 = Debug|Any CPU
		{10CBD95D-2FAE-4EC6-BE3E-C67080348AA1}.Release|Any CPU.ActiveCfg = Release|Any CPU
		{10CBD95D-2FAE-4EC6-BE3E-C67080348AA1}.Release|Any CPU.Build.0 = Release|Any CPU
	EndGlobalSection
	GlobalSection(SolutionProperties) = preSolution
		HideSolutionNode = FALSE
	EndGlobalSection
	GlobalSection(ExtensibilityGlobals) = postSolution
		SolutionGuid = {C09712E8-B353-4554-8D46-221E4E12D87F}
	EndGlobalSection
EndGlobal
